
Microsoft Visual Studio Solution File, Format Version 12.00
# Visual Studio 15
VisualStudioVersion = 15.0.27703.2000
MinimumVisualStudioVersion = 10.0.40219.1
Project("{9092AA53-FB77-4645-B42D-1CCCA6BD08BD}") = "NodejsConsoleApp2", "NodejsConsoleApp2\NodejsConsoleApp2.njsproj", "{C85CA2DD-8F1B-467D-B893-080B885ED11D}"
EndProject
Global
	GlobalSection(SolutionConfigurationPlatforms) = preSolution
		Debug|Any CPU = Debug|Any CPU
		Release|Any CPU = Release|Any CPU
	EndGlobalSection
	GlobalSection(ProjectConfigurationPlatforms) = postSolution
		{C85CA2DD-8F1B-467D-B893-080B885ED11D}.Debug|Any CPU.ActiveCfg = Debug|Any CPU
		{C85CA2DD-8F1B-467D-B893-080B885ED11D}.Debug|Any CPU.Build.0 = Debug|Any CPU
		{C85CA2DD-8F1B-467D-B893-080B885ED11D}.Release|Any CPU.ActiveCfg = Release|Any CPU
		{C85CA2DD-8F1B-467D-B893-080B885ED11D}.Release|Any CPU.Build.0 = Release|Any CPU
	EndGlobalSection
	GlobalSection(SolutionProperties) = preSolution
		HideSolutionNode = FALSE
	EndGlobalSection
	GlobalSection(ExtensibilityGlobals) = postSolution
		SolutionGuid = {BE28827B-A74F-415B-834B-AE614B610CC5}
	EndGlobalSection
EndGlobal
